
Microsoft Visual Studio Solution File, Format Version 12.00
# Visual Studio Version 17
VisualStudioVersion = 17.5.002.0
MinimumVisualStudioVersion = 10.0.40219.1
Project("{9A19103F-16F7-4668-BE54-9A1E7A4F7556}") = "TravelBlogAPI", "TravelBlogAPI\TravelBlogAPI.csproj", "{274B3F08-A40F-47B0-8934-6A6F9866D2B9}"
EndProject
Global
	GlobalSection(SolutionConfigurationPlatforms) = preSolution
		Debug|Any CPU = Debug|Any CPU
		Release|Any CPU = Release|Any CPU
	EndGlobalSection
	GlobalSection(ProjectConfigurationPlatforms) = postSolution
		{274B3F08-A40F-47B0-8934-6A6F9866D2B9}.Debug|Any CPU.ActiveCfg = Debug|Any CPU
		{274B3F08-A40F-47B0-8934-6A6F9866D2B9}.Debug|Any CPU.Build.0 = Debug|Any CPU
		{274B3F08-A40F-47B0-8934-6A6F9866D2B9}.Release|Any CPU.ActiveCfg = Release|Any CPU
		{274B3F08-A40F-47B0-8934-6A6F9866D2B9}.Release|Any CPU.Build.0 = Release|Any CPU
	EndGlobalSection
	GlobalSection(SolutionProperties) = preSolution
		HideSolutionNode = FALSE
	EndGlobalSection
	GlobalSection(ExtensibilityGlobals) = postSolution
		SolutionGuid = {161922FB-8BEC-484F-A933-E6B2B5D874BA}
	EndGlobalSection
EndGlobal
